# THIS IS AN AUTOGENERATED FILE. DO NOT EDIT THIS FILE DIRECTLY.
# yarn lockfile v1


prettier-config-ken0x0a@^1.0.0:
  version "1.0.0"
  resolved "https://registry.yarnpkg.com/prettier-config-ken0x0a/-/prettier-config-ken0x0a-1.0.0.tgz#efd2a66bfc4a7fdcdfd9417165224d0b43318409"
  integrity sha512-+L91F09TOOxmv5IcXPed57ZIyv/DinXzlQd3+O5xo/GDDExfQgZt9mmuY2UOYrvot2kgqKOnQOTzcSDHLRsXGw==
  dependencies:
    prettier "^1.18.2"

prettier@^1.18.2:
  version "1.18.2"
  resolved "https://registry.yarnpkg.com/prettier/-/prettier-1.18.2.tgz#6823e7c5900017b4bd3acf46fe9ac4b4d7bda9ea"
  integrity sha512-OeHeMc0JhFE9idD4ZdtNibzY0+TPHSpSSb9h8FqtP+YnoZZ1sl8Vc9b1sasjfymH3SonAF4QcA2+mzHPhMvIiw==
